// !$*UTF8*$!
{
	archiveVersion = 1;
	classes = {
	};
	objectVersion = 46;
	objects = {

/* Begin PBXBuildFile section */
		FE7C06DE1C17206B00E98E99 /* main.m in Sources */ = {isa = PBXBuildFile; fileRef = FE7C06DD1C17206B00E98E99 /* main.m */; };
		FE7C06E11C17206B00E98E99 /* AppDelegate.m in Sources */ = {isa = PBXBuildFile; fileRef = FE7C06E01C17206B00E98E99 /* AppDelegate.m */; };
		FE7C06E41C17206B00E98E99 /* ViewController.m in Sources */ = {isa = PBXBuildFile; fileRef = FE7C06E31C17206B00E98E99 /* ViewController.m */; };
		FE7C06E71C17206B00E98E99 /* Main.storyboard in Resources */ = {isa = PBXBuildFile; fileRef = FE7C06E51C17206B00E98E99 /* Main.storyboard */; };
		FE7C06E91C17206B00E98E99 /* Assets.xcassets in Resources */ = {isa = PBXBuildFile; fileRef = FE7C06E81C17206B00E98E99 /* Assets.xcassets */; };
		FE7C06EC1C17206B00E98E99 /* LaunchScreen.storyboard in Resources */ = {isa = PBXBuildFile; fileRef = FE7C06EA1C17206B00E98E99 /* LaunchScreen.storyboard */; };
		FE7C06F71C17206B00E98E99 /* PictureNavigatorTests.m in Sources */ = {isa = PBXBuildFile; fileRef = FE7C06F61C17206B00E98E99 /* PictureNavigatorTests.m */; };
		FE7C07021C17206B00E98E99 /* PictureNavigatorUITests.m in Sources */ = {isa = PBXBuildFile; fileRef = FE7C07011C17206B00E98E99 /* PictureNavigatorUITests.m */; };
		FE7C07101C18775D00E98E99 /* data.plist in Resources */ = {isa = PBXBuildFile; fileRef = FE7C070F1C18775D00E98E99 /* data.plist */; };
/* End PBXBuildFile section */

/* Begin PBXContainerItemProxy section */
		FE7C06F31C17206B00E98E99 /* PBXContainerItemProxy */ = {
			isa = PBXContainerItemProxy;
			containerPortal = FE7C06D11C17206B00E98E99 /* Project object */;
			proxyType = 1;
			remoteGlobalIDString = FE7C06D81C17206B00E98E99;
			remoteInfo = PictureNavigator;
		};
		FE7C06FE1C17206B00E98E99 /* PBXContainerItemProxy */ = {
			isa = PBXContainerItemProxy;
			containerPortal = FE7C06D11C17206B00E98E99 /* Project object */;
			proxyType = 1;
			remoteGlobalIDString = FE7C06D81C17206B00E98E99;
			remoteInfo = PictureNavigator;
		};
/* End PBXContainerItemProxy section */

/* Begin PBXFileReference section */
		FE7C06D91C17206B00E98E99 /* PictureNavigator.app */ = {isa = PBXFileReference; explicitFileType = wrapper.application; includeInIndex = 0; path = PictureNavigator.app; sourceTree = BUILT_PRODUCTS_DIR; };
		FE7C06DD1C17206B00E98E99 /* main.m */ = {isa = PBXFileReference; lastKnownFileType = sourcecode.c.objc; path = main.m; sourceTree = "<group>"; };
		FE7C06DF1C17206B00E98E99 /* AppDelegate.h */ = {isa = PBXFileReference; lastKnownFileType = sourcecode.c.h; path = AppDelegate.h; sourceTree = "<group>"; };
		FE7C06E01C17206B00E98E99 /* AppDelegate.m */ = {isa = PBXFileReference; lastKnownFileType = sourcecode.c.objc; path = AppDelegate.m; sourceTree = "<group>"; };
		FE7C06E21C17206B00E98E99 /* ViewController.h */ = {isa = PBXFileReference; lastKnownFileType = sourcecode.c.h; path = ViewController.h; sourceTree = "<group>"; };
		FE7C06E31C17206B00E98E99 /* ViewController.m */ = {isa = PBXFileReference; lastKnownFileType = sourcecode.c.objc; path = ViewController.m; sourceTree = "<group>"; };
		FE7C06E61C17206B00E98E99 /* Base */ = {isa = PBXFileReference; lastKnownFileType = file.storyboard; name = Base; path = Base.lproj/Main.storyboard; sourceTree = "<group>"; };
		FE7C06E81C17206B00E98E99 /* Assets.xcassets */ = {isa = PBXFileReference; lastKnownFileType = folder.assetcatalog; path = Assets.xcassets; sourceTree = "<group>"; };
		FE7C06EB1C17206B00E98E99 /* Base */ = {isa = PBXFileReference; lastKnownFileType = file.storyboard; name = Base; path = Base.lproj/LaunchScreen.storyboard; sourceTree = "<group>"; };
		FE7C06ED1C17206B00E98E99 /* Info.plist */ = {isa = PBXFileReference; lastKnownFileType = text.plist.xml; path = Info.plist; sourceTree = "<group>"; };
		FE7C06F21C17206B00E98E99 /* PictureNavigatorTests.xctest */ = {isa = PBXFileReference; explicitFileType = wrapper.cfbundle; includeInIndex = 0; path = PictureNavigatorTests.xctest; sourceTree = BUILT_PRODUCTS_DIR; };
		FE7C06F61C17206B00E98E99 /* PictureNavigatorTests.m */ = {isa = PBXFileReference; lastKnownFileType = sourcecode.c.objc; path = PictureNavigatorTests.m; sourceTree = "<group>"; };
		FE7C06F81C17206B00E98E99 /* Info.plist */ = {isa = PBXFileReference; lastKnownFileType = text.plist.xml; path = Info.plist; sourceTree = "<group>"; };
		FE7C06FD1C17206B00E98E99 /* PictureNavigatorUITests.xctest */ = {isa = PBXFileReference; explicitFileType = wrapper.cfbundle; includeInIndex = 0; path = PictureNavigatorUITests.xctest; sourceTree = BUILT_PRODUCTS_DIR; };
		FE7C07011C17206B00E98E99 /* PictureNavigatorUITests.m */ = {isa = PBXFileReference; lastKnownFileType = sourcecode.c.objc; path = PictureNavigatorUITests.m; sourceTree = "<group>"; };
		FE7C07031C17206B00E98E99 /* Info.plist */ = {isa = PBXFileReference; lastKnownFileType = text.plist.xml; path = Info.plist; sourceTree = "<group>"; };
		FE7C070F1C18775D00E98E99 /* data.plist */ = {isa = PBXFileReference; fileEncoding = 4; lastKnownFileType = text.plist.xml; path = data.plist; sourceTree = "<group>"; };
/* End PBXFileReference section */

/* Begin PBXFrameworksBuildPhase section */
		FE7C06D61C17206B00E98E99 /* Frameworks */ = {
			isa = PBXFrameworksBuildPhase;
			buildActionMask = 2147483647;
			files = (
			);
			runOnlyForDeploymentPostprocessing = 0;
		};
		FE7C06EF1C17206B00E98E99 /* Frameworks */ = {
			isa = PBXFrameworksBuildPhase;
			buildActionMask = 2147483647;
			files = (
			);
			runOnlyForDeploymentPostprocessing = 0;
		};
		FE7C06FA1C17206B00E98E99 /* Frameworks */ = {
			isa = PBXFrameworksBuildPhase;
			buildActionMask = 2147483647;
			files = (
			);
			runOnlyForDeploymentPostprocessing = 0;
		};
/* End PBXFrameworksBuildPhase section */

/* Begin PBXGroup section */
		FE7C06D01C17206B00E98E99 = {
			isa = PBXGroup;
			children = (
				FE7C06DB1C17206B00E98E99 /* PictureNavigator */,
				FE7C06F51C17206B00E98E99 /* PictureNavigatorTests */,
				FE7C07001C17206B00E98E99 /* PictureNavigatorUITests */,
				FE7C06DA1C17206B00E98E99 /* Products */,
			);
			sourceTree = "<group>";
		};
		FE7C06DA1C17206B00E98E99 /* Products */ = {
			isa = PBXGroup;
			children = (
				FE7C06D91C17206B00E98E99 /* PictureNavigator.app */,
				FE7C06F21C17206B00E98E99 /* PictureNavigatorTests.xctest */,
				FE7C06FD1C17206B00E98E99 /* PictureNavigatorUITests.xctest */,
			);
			name = Products;
			sourceTree = "<group>";
		};
		FE7C06DB1C17206B00E98E99 /* PictureNavigator */ = {
			isa = PBXGroup;
			children = (
				FE7C06DF1C17206B00E98E99 /* AppDelegate.h */,
				FE7C06E01C17206B00E98E99 /* AppDelegate.m */,
				FE7C06E21C17206B00E98E99 /* ViewController.h */,
				FE7C06E31C17206B00E98E99 /* ViewController.m */,
				FE7C06E51C17206B00E98E99 /* Main.storyboard */,
				FE7C06E81C17206B00E98E99 /* Assets.xcassets */,
				FE7C06EA1C17206B00E98E99 /* LaunchScreen.storyboard */,
				FE7C06ED1C17206B00E98E99 /* Info.plist */,
				FE7C06DC1C17206B00E98E99 /* Supporting Files */,
			);
			path = PictureNavigator;
			sourceTree = "<group>";
		};
		FE7C06DC1C17206B00E98E99 /* Supporting Files */ = {
			isa = PBXGroup;
			children = (
				FE7C06DD1C17206B00E98E99 /* main.m */,
				FE7C070F1C18775D00E98E99 /* data.plist */,
			);
			name = "Supporting Files";
			sourceTree = "<group>";
		};
		FE7C06F51C17206B00E98E99 /* PictureNavigatorTests */ = {
			isa = PBXGroup;
			children = (
				FE7C06F61C17206B00E98E99 /* PictureNavigatorTests.m */,
				FE7C06F81C17206B00E98E99 /* Info.plist */,
			);
			path = PictureNavigatorTests;
			sourceTree = "<group>";
		};
		FE7C07001C17206B00E98E99 /* PictureNavigatorUITests */ = {
			isa = PBXGroup;
			children = (
				FE7C07011C17206B00E98E99 /* PictureNavigatorUITests.m */,
				FE7C07031C17206B00E98E99 /* Info.plist */,
			);
			path = PictureNavigatorUITests;
			sourceTree = "<group>";
		};
/* End PBXGroup section */

/* Begin PBXNativeTarget section */
		FE7C06D81C17206B00E98E99 /* PictureNavigator */ = {
			isa = PBXNativeTarget;
			buildConfigurationList = FE7C07061C17206B00E98E99 /* Build configuration list for PBXNativeTarget "PictureNavigator" */;
			buildPhases = (
				FE7C06D51C17206B00E98E99 /* Sources */,
				FE7C06D61C17206B00E98E99 /* Frameworks */,
				FE7C06D71C17206B00E98E99 /* Resources */,
			);
			buildRules = (
			);
			dependencies = (
			);
			name = PictureNavigator;
			productName = PictureNavigator;
			productReference = FE7C06D91C17206B00E98E99 /* PictureNavigator.app */;
			productType = "com.apple.product-type.application";
		};
		FE7C06F11C17206B00E98E99 /* PictureNavigatorTests */ = {
			isa = PBXNativeTarget;
			buildConfigurationList = FE7C07091C17206B00E98E99 /* Build configuration list for PBXNativeTarget "PictureNavigatorTests" */;
			buildPhases = (
				FE7C06EE1C17206B00E98E99 /* Sources */,
				FE7C06EF1C17206B00E98E99 /* Frameworks */,
				FE7C06F01C17206B00E98E99 /* Resources */,
			);
			buildRules = (
			);
			dependencies = (
				FE7C06F41C17206B00E98E99 /* PBXTargetDependency */,
			);
			name = PictureNavigatorTests;
			productName = PictureNavigatorTests;
			productReference = FE7C06F21C17206B00E98E99 /* PictureNavigatorTests.xctest */;
			productType = "com.apple.product-type.bundle.unit-test";
		};
		FE7C06FC1C17206B00E98E99 /* PictureNavigatorUITests */ = {
			isa = PBXNativeTarget;
			buildConfigurationList = FE7C070C1C17206B00E98E99 /* Build configuration list for PBXNativeTarget "PictureNavigatorUITests" */;
			buildPhases = (
				FE7C06F91C17206B00E98E99 /* Sources */,
				FE7C06FA1C17206B00E98E99 /* Frameworks */,
				FE7C06FB1C17206B00E98E99 /* Resources */,
			);
			buildRules = (
			);
			dependencies = (
				FE7C06FF1C17206B00E98E99 /* PBXTargetDependency */,
			);
			name = PictureNavigatorUITests;
			productName = PictureNavigatorUITests;
			productReference = FE7C06FD1C17206B00E98E99 /* PictureNavigatorUITests.xctest */;
			productType = "com.apple.product-type.bundle.ui-testing";
		};
/* End PBXNativeTarget section */

/* Begin PBXProject section */
		FE7C06D11C17206B00E98E99 /* Project object */ = {
			isa = PBXProject;
			attributes = {
				LastUpgradeCheck = 0710;
				ORGANIZATIONNAME = shiyc;
				TargetAttributes = {
					FE7C06D81C17206B00E98E99 = {
						CreatedOnToolsVersion = 7.1.1;
						DevelopmentTeam = EK6MGH9P68;
					};
					FE7C06F11C17206B00E98E99 = {
						CreatedOnToolsVersion = 7.1.1;
						DevelopmentTeam = EK6MGH9P68;
						TestTargetID = FE7C06D81C17206B00E98E99;
					};
					FE7C06FC1C17206B00E98E99 = {
						CreatedOnToolsVersion = 7.1.1;
						DevelopmentTeam = EK6MGH9P68;
						TestTargetID = FE7C06D81C17206B00E98E99;
					};
				};
			};
			buildConfigurationList = FE7C06D41C17206B00E98E99 /* Build configuration list for PBXProject "PictureNavigator" */;
			compatibilityVersion = "Xcode 3.2";
			developmentRegion = English;
			hasScannedForEncodings = 0;
			knownRegions = (
				en,
				Base,
			);
			mainGroup = FE7C06D01C17206B00E98E99;
			productRefGroup = FE7C06DA1C17206B00E98E99 /* Products */;
			projectDirPath = "";
			projectRoot = "";
			targets = (
				FE7C06D81C17206B00E98E99 /* PictureNavigator */,
				FE7C06F11C17206B00E98E99 /* PictureNavigatorTests */,
				FE7C06FC1C17206B00E98E99 /* PictureNavigatorUITests */,
			);
		};
/* End PBXProject section */

/* Begin PBXResourcesBuildPhase section */
		FE7C06D71C17206B00E98E99 /* Resources */ = {
			isa = PBXResourcesBuildPhase;
			buildActionMask = 2147483647;
			files = (
				FE7C06EC1C17206B00E98E99 /* LaunchScreen.storyboard in Resources */,
				FE7C06E91C17206B00E98E99 /* Assets.xcassets in Resources */,
				FE7C07101C18775D00E98E99 /* data.plist in Resources */,
				FE7C06E71C17206B00E98E99 /* Main.storyboard in Resources */,
			);
			runOnlyForDeploymentPostprocessing = 0;
		};
		FE7C06F01C17206B00E98E99 /* Resources */ = {
			isa = PBXResourcesBuildPhase;
			buildActionMask = 2147483647;
			files = (
			);
			runOnlyForDeploymentPostprocessing = 0;
		};
		FE7C06FB1C17206B00E98E99 /* Resources */ = {
			isa = PBXResourcesBuildPhase;
			buildActionMask = 2147483647;
			files = (
			);
			runOnlyForDeploymentPostprocessing = 0;
		};
/* End PBXResourcesBuildPhase section */

/* Begin PBXSourcesBuildPhase section */
		FE7C06D51C17206B00E98E99 /* Sources */ = {
			isa = PBXSourcesBuildPhase;
			buildActionMask = 2147483647;
			files = (
				FE7C06E41C17206B00E98E99 /* ViewController.m in Sources */,
				FE7C06E11C17206B00E98E99 /* AppDelegate.m in Sources */,
				FE7C06DE1C17206B00E98E99 /* main.m in Sources */,
			);
			runOnlyForDeploymentPostprocessing = 0;
		};
		FE7C06EE1C17206B00E98E99 /* Sources */ = {
			isa = PBXSourcesBuildPhase;
			buildActionMask = 2147483647;
			files = (
				FE7C06F71C17206B00E98E99 /* PictureNavigatorTests.m in Sources */,
			);
			runOnlyForDeploymentPostprocessing = 0;
		};
		FE7C06F91C17206B00E98E99 /* Sources */ = {
			isa = PBXSourcesBuildPhase;
			buildActionMask = 2147483647;
			files = (
				FE7C07021C17206B00E98E99 /* PictureNavigatorUITests.m in Sources */,
			);
			runOnlyForDeploymentPostprocessing = 0;
		};
/* End PBXSourcesBuildPhase section */

/* Begin PBXTargetDependency section */
		FE7C06F41C17206B00E98E99 /* PBXTargetDependency */ = {
			isa = PBXTargetDependency;
			target = FE7C06D81C17206B00E98E99 /* PictureNavigator */;
			targetProxy = FE7C06F31C17206B00E98E99 /* PBXContainerItemProxy */;
		};
		FE7C06FF1C17206B00E98E99 /* PBXTargetDependency */ = {
			isa = PBXTargetDependency;
			target = FE7C06D81C17206B00E98E99 /* PictureNavigator */;
			targetProxy = FE7C06FE1C17206B00E98E99 /* PBXContainerItemProxy */;
		};
/* End PBXTargetDependency section */

/* Begin PBXVariantGroup section */
		FE7C06E51C17206B00E98E99 /* Main.storyboard */ = {
			isa = PBXVariantGroup;
			children = (
				FE7C06E61C17206B00E98E99 /* Base */,
			);
			name = Main.storyboard;
			sourceTree = "<group>";
		};
		FE7C06EA1C17206B00E98E99 /* LaunchScreen.storyboard */ = {
			isa = PBXVariantGroup;
			children = (
				FE7C06EB1C17206B00E98E99 /* Base */,
			);
			name = LaunchScreen.storyboard;
			sourceTree = "<group>";
		};
/* End PBXVariantGroup section */

/* Begin XCBuildConfiguration section */
		FE7C07041C17206B00E98E99 /* Debug */ = {
			isa = XCBuildConfiguration;
			buildSettings = {
				ALWAYS_SEARCH_USER_PATHS = NO;
				CLANG_CXX_LANGUAGE_STANDARD = "gnu++0x";
				CLANG_CXX_LIBRARY = "libc++";
				CLANG_ENABLE_MODULES = YES;
				CLANG_ENABLE_OBJC_ARC = YES;
				CLANG_WARN_BOOL_CONVERSION = YES;
				CLANG_WARN_CONSTANT_CONVERSION = YES;
				CLANG_WARN_DIRECT_OBJC_ISA_USAGE = YES_ERROR;
				CLANG_WARN_EMPTY_BODY = YES;
				CLANG_WARN_ENUM_CONVERSION = YES;
				CLANG_WARN_INT_CONVERSION = YES;
				CLANG_WARN_OBJC_ROOT_CLASS = YES_ERROR;
				CLANG_WARN_UNREACHABLE_CODE = YES;
				CLANG_WARN__DUPLICATE_METHOD_MATCH = YES;
				"CODE_SIGN_IDENTITY[sdk=iphoneos*]" = "iPhone Developer";
				COPY_PHASE_STRIP = NO;
				DEBUG_INFORMATION_FORMAT = dwarf;
				ENABLE_STRICT_OBJC_MSGSEND = YES;
				ENABLE_TESTABILITY = YES;
				GCC_C_LANGUAGE_STANDARD = gnu99;
				GCC_DYNAMIC_NO_PIC = NO;
				GCC_NO_COMMON_BLOCKS = YES;
				GCC_OPTIMIZATION_LEVEL = 0;
				GCC_PREPROCESSOR_DEFINITIONS = (
					"DEBUG=1",
					"$(inherited)",
				);
				GCC_WARN_64_TO_32_BIT_CONVERSION = YES;
				GCC_WARN_ABOUT_RETURN_TYPE = YES_ERROR;
				GCC_WARN_UNDECLARED_SELECTOR = YES;
				GCC_WARN_UNINITIALIZED_AUTOS = YES_AGGRESSIVE;
				GCC_WARN_UNUSED_FUNCTION = YES;
				GCC_WARN_UNUSED_VARIABLE = YES;
				IPHONEOS_DEPLOYMENT_TARGET = 9.1;
				MTL_ENABLE_DEBUG_INFO = YES;
				ONLY_ACTIVE_ARCH = YES;
				SDKROOT = iphoneos;
			};
			name = Debug;
		};
		FE7C07051C17206B00E98E99 /* Release */ = {
			isa = XCBuildConfiguration;
			buildSettings = {
				ALWAYS_SEARCH_USER_PATHS = NO;
				CLANG_CXX_LANGUAGE_STANDARD = "gnu++0x";
				CLANG_CXX_LIBRARY = "libc++";
				CLANG_ENABLE_MODULES = YES;
				CLANG_ENABLE_OBJC_ARC = YES;
				CLANG_WARN_BOOL_CONVERSION = YES;
				CLANG_WARN_CONSTANT_CONVERSION = YES;
				CLANG_WARN_DIRECT_OBJC_ISA_USAGE = YES_ERROR;
				CLANG_WARN_EMPTY_BODY = YES;
				CLANG_WARN_ENUM_CONVERSION = YES;
				CLANG_WARN_INT_CONVERSION = YES;
				CLANG_WARN_OBJC_ROOT_CLASS = YES_ERROR;
				CLANG_WARN_UNREACHABLE_CODE = YES;
				CLANG_WARN__DUPLICATE_METHOD_MATCH = YES;
				"CODE_SIGN_IDENTITY[sdk=iphoneos*]" = "iPhone Developer";
				COPY_PHASE_STRIP = NO;
				DEBUG_INFORMATION_FORMAT = "dwarf-with-dsym";
				ENABLE_NS_ASSERTIONS = NO;
				ENABLE_STRICT_OBJC_MSGSEND = YES;
				GCC_C_LANGUAGE_STANDARD = gnu99;
				GCC_NO_COMMON_BLOCKS = YES;
				GCC_WARN_64_TO_32_BIT_CONVERSION = YES;
				GCC_WARN_ABOUT_RETURN_TYPE = YES_ERROR;
				GCC_WARN_UNDECLARED_SELECTOR = YES;
				GCC_WARN_UNINITIALIZED_AUTOS = YES_AGGRESSIVE;
				GCC_WARN_UNUSED_FUNCTION = YES;
				GCC_WARN_UNUSED_VARIABLE = YES;
				IPHONEOS_DEPLOYMENT_TARGET = 9.1;
				MTL_ENABLE_DEBUG_INFO = NO;
				SDKROOT = iphoneos;
				VALIDATE_PRODUCT = YES;
			};
			name = Release;
		};
		FE7C07071C17206B00E98E99 /* Debug */ = {
			isa = XCBuildConfiguration;
			buildSettings = {
				ASSETCATALOG_COMPILER_APPICON_NAME = AppIcon;
				INFOPLIST_FILE = PictureNavigator/Info.plist;
				LD_RUNPATH_SEARCH_PATHS = "$(inherited) @executable_path/Frameworks";
				PRODUCT_BUNDLE_IDENTIFIER = shi.PictureNavigator;
				PRODUCT_NAME = "$(TARGET_NAME)";
			};
			name = Debug;
		};
		FE7C07081C17206B00E98E99 /* Release */ = {
			isa = XCBuildConfiguration;
			buildSettings = {
				ASSETCATALOG_COMPILER_APPICON_NAME = AppIcon;
				INFOPLIST_FILE = PictureNavigator/Info.plist;
				LD_RUNPATH_SEARCH_PATHS = "$(inherited) @executable_path/Frameworks";
				PRODUCT_BUNDLE_IDENTIFIER = shi.PictureNavigator;
				PRODUCT_NAME = "$(TARGET_NAME)";
			};
			name = Release;
		};
		FE7C070A1C17206B00E98E99 /* Debug */ = {
			isa = XCBuildConfiguration;
			buildSettings = {
				BUNDLE_LOADER = "$(TEST_HOST)";
				INFOPLIST_FILE = PictureNavigatorTests/Info.plist;
				LD_RUNPATH_SEARCH_PATHS = "$(inherited) @executable_path/Frameworks @loader_path/Frameworks";
				PRODUCT_BUNDLE_IDENTIFIER = shi.PictureNavigatorTests;
				PRODUCT_NAME = "$(TARGET_NAME)";
				TEST_HOST = "$(BUILT_PRODUCTS_DIR)/PictureNavigator.app/PictureNavigator";
			};
			name = Debug;
		};
		FE7C070B1C17206B00E98E99 /* Release */ = {
			isa = XCBuildConfiguration;
			buildSettings = {
				BUNDLE_LOADER = "$(TEST_HOST)";
				INFOPLIST_FILE = PictureNavigatorTests/Info.plist;
				LD_RUNPATH_SEARCH_PATHS = "$(inherited) @executable_path/Frameworks @loader_path/Frameworks";
				PRODUCT_BUNDLE_IDENTIFIER = shi.PictureNavigatorTests;
				PRODUCT_NAME = "$(TARGET_NAME)";
				TEST_HOST = "$(BUILT_PRODUCTS_DIR)/PictureNavigator.app/PictureNavigator";
			};
			name = Release;
		};
		FE7C070D1C17206B00E98E99 /* Debug */ = {
			isa = XCBuildConfiguration;
			buildSettings = {
				INFOPLIST_FILE = PictureNavigatorUITests/Info.plist;
				LD_RUNPATH_SEARCH_PATHS = "$(inherited) @executable_path/Frameworks @loader_path/Frameworks";
				PRODUCT_BUNDLE_IDENTIFIER = shi.PictureNavigatorUITests;
				PRODUCT_NAME = "$(TARGET_NAME)";
				TEST_TARGET_NAME = PictureNavigator;
				USES_XCTRUNNER = YES;
			};
			name = Debug;
		};
		FE7C070E1C17206B00E98E99 /* Release */ = {
			isa = XCBuildConfiguration;
			buildSettings = {
				INFOPLIST_FILE = PictureNavigatorUITests/Info.plist;
				LD_RUNPATH_SEARCH_PATHS = "$(inherited) @executable_path/Frameworks @loader_path/Frameworks";
				PRODUCT_BUNDLE_IDENTIFIER = shi.PictureNavigatorUITests;
				PRODUCT_NAME = "$(TARGET_NAME)";
				TEST_TARGET_NAME = PictureNavigator;
				USES_XCTRUNNER = YES;
			};
			name = Release;
		};
/* End XCBuildConfiguration section */

/* Begin XCConfigurationList section */
		FE7C06D41C17206B00E98E99 /* Build configuration list for PBXProject "PictureNavigator" */ = {
			isa = XCConfigurationList;
			buildConfigurations = (
				FE7C07041C17206B00E98E99 /* Debug */,
				FE7C07051C17206B00E98E99 /* Release */,
			);
			defaultConfigurationIsVisible = 0;
			defaultConfigurationName = Release;
		};
		FE7C07061C17206B00E98E99 /* Build configuration list for PBXNativeTarget "PictureNavigator" */ = {
			isa = XCConfigurationList;
			buildConfigurations = (
				FE7C07071C17206B00E98E99 /* Debug */,
				FE7C07081C17206B00E98E99 /* Release */,
			);
			defaultConfigurationIsVisible = 0;
		};
		FE7C07091C17206B00E98E99 /* Build configuration list for PBXNativeTarget "PictureNavigatorTests" */ = {
			isa = XCConfigurationList;
			buildConfigurations = (
				FE7C070A1C17206B00E98E99 /* Debug */,
				FE7C070B1C17206B00E98E99 /* Release */,
			);
			defaultConfigurationIsVisible = 0;
		};
		FE7C070C1C17206B00E98E99 /* Build configuration list for PBXNativeTarget "PictureNavigatorUITests" */ = {
			isa = XCConfigurationList;
			buildConfigurations = (
				FE7C070D1C17206B00E98E99 /* Debug */,
				FE7C070E1C17206B00E98E99 /* Release */,
			);
			defaultConfigurationIsVisible = 0;
		};
/* End XCConfigurationList section */
	};
	rootObject = FE7C06D11C17206B00E98E99 /* Project object */;
}
